
Microsoft Visual Studio Solution File, Format Version 12.00
# Visual Studio 15
VisualStudioVersion = 15.0.28307.329
MinimumVisualStudioVersion = 10.0.40219.1
Project("{FAE04EC0-301F-11D3-BF4B-00C04F79EFBC}") = "SnowDynamics", "SnowDynamics\SnowDynamics.csproj", "{33EBEC55-8CDD-40D9-A79B-E9EF600F8C4F}"
EndProject
Project("{FAE04EC0-301F-11D3-BF4B-00C04F79EFBC}") = "Microsoft.Dynamics365.UIAutomation.Api", "..\BDDLatest\Microsoft.Dynamics365.UIAutomation.Api\Microsoft.Dynamics365.UIAutomation.Api.csproj", "{DFE2C141-F1AA-4D4B-8DF8-0FB93023CF45}"
EndProject
Project("{FAE04EC0-301F-11D3-BF4B-00C04F79EFBC}") = "Microsoft.Dynamics365.UIAutomation.Api.UCI", "..\BDDLatest\Microsoft.Dynamics365.UIAutomation.Api.UCI\Microsoft.Dynamics365.UIAutomation.Api.UCI.csproj", "{AFCB5BB5-4512-4019-A911-5D56CFF4F3D0}"
EndProject
Project("{FAE04EC0-301F-11D3-BF4B-00C04F79EFBC}") = "Microsoft.Dynamics365.UIAutomation.Browser", "..\BDDLatest\Microsoft.Dynamics365.UIAutomation.Browser\Microsoft.Dynamics365.UIAutomation.Browser.csproj", "{C9748803-F3CB-4531-B313-BC24D4D0BF0C}"
EndProject
Global
	GlobalSection(SolutionConfigurationPlatforms) = preSolution
		Debug|Any CPU = Debug|Any CPU
		Release|Any CPU = Release|Any CPU
	EndGlobalSection
	GlobalSection(ProjectConfigurationPlatforms) = postSolution
		{33EBEC55-8CDD-40D9-A79B-E9EF600F8C4F}.Debug|Any CPU.ActiveCfg = Debug|Any CPU
		{33EBEC55-8CDD-40D9-A79B-E9EF600F8C4F}.Debug|Any CPU.Build.0 = Debug|Any CPU
		{33EBEC55-8CDD-40D9-A79B-E9EF600F8C4F}.Release|Any CPU.ActiveCfg = Release|Any CPU
		{33EBEC55-8CDD-40D9-A79B-E9EF600F8C4F}.Release|Any CPU.Build.0 = Release|Any CPU
		{DFE2C141-F1AA-4D4B-8DF8-0FB93023CF45}.Debug|Any CPU.ActiveCfg = Debug|Any CPU
		{DFE2C141-F1AA-4D4B-8DF8-0FB93023CF45}.Debug|Any CPU.Build.0 = Debug|Any CPU
		{DFE2C141-F1AA-4D4B-8DF8-0FB93023CF45}.Release|Any CPU.ActiveCfg = Release|Any CPU
		{DFE2C141-F1AA-4D4B-8DF8-0FB93023CF45}.Release|Any CPU.Build.0 = Release|Any CPU
		{AFCB5BB5-4512-4019-A911-5D56CFF4F3D0}.Debug|Any CPU.ActiveCfg = Debug|Any CPU
		{AFCB5BB5-4512-4019-A911-5D56CFF4F3D0}.Debug|Any CPU.Build.0 = Debug|Any CPU
		{AFCB5BB5-4512-4019-A911-5D56CFF4F3D0}.Release|Any CPU.ActiveCfg = Release|Any CPU
		{AFCB5BB5-4512-4019-A911-5D56CFF4F3D0}.Release|Any CPU.Build.0 = Release|Any CPU
		{C9748803-F3CB-4531-B313-BC24D4D0BF0C}.Debug|Any CPU.ActiveCfg = Debug|Any CPU
		{C9748803-F3CB-4531-B313-BC24D4D0BF0C}.Debug|Any CPU.Build.0 = Debug|Any CPU
		{C9748803-F3CB-4531-B313-BC24D4D0BF0C}.Release|Any CPU.ActiveCfg = Release|Any CPU
		{C9748803-F3CB-4531-B313-BC24D4D0BF0C}.Release|Any CPU.Build.0 = Release|Any CPU
	EndGlobalSection
	GlobalSection(SolutionProperties) = preSolution
		HideSolutionNode = FALSE
	EndGlobalSection
	GlobalSection(ExtensibilityGlobals) = postSolution
		SolutionGuid = {599AFED5-81D3-4B7D-8866-D17A5EEA058F}
	EndGlobalSection
EndGlobal
